# THIS IS AN AUTOGENERATED FILE. DO NOT EDIT THIS FILE DIRECTLY.
# yarn lockfile v1


"@sweetalert2/theme-bootstrap-4@^3.2.0":
  version "3.2.0"
  resolved "https://registry.yarnpkg.com/@sweetalert2/theme-bootstrap-4/-/theme-bootstrap-4-3.2.0.tgz#9580fcefd7c624863e5a7cd35cb6b253e0ac8592"
  integrity sha512-hNt+KMN84FLeL+AomgiCnsuBViFnVamq8ABwn2Y/EvLBQKPRvRQuYtoX+Ub6B6R3brdh6ylPpDwnUGC1xyhi9A==

big.js@^5.2.2:
  version "5.2.2"
  resolved "https://registry.yarnpkg.com/big.js/-/big.js-5.2.2.tgz#65f0af382f578bcdc742bd9c281e9cb2d7768328"
  integrity sha512-vyL2OymJxmarO8gxMr0mhChsO9QGwhynfuu4+MHTAW6czfq9humCB7rKpUjDd9YUiDPU4mzpyupFSvOClAwbmQ==

bootstrap-select@^1.13.12:
  version "1.13.18"
  resolved "https://registry.yarnpkg.com/bootstrap-select/-/bootstrap-select-1.13.18.tgz#4557119d58dc1159189977161c803962220e4dda"
  integrity sha512-V1IzK4rxBq5FrJtkzSH6RmFLFBsjx50byFbfAf8jYyXROWs7ZpprGjdHeoyq2HSsHyjJhMMwjsQhRoYAfxCGow==

bootstrap-table@^1.14.2:
  version "1.18.0"
  resolved "https://registry.yarnpkg.com/bootstrap-table/-/bootstrap-table-1.18.0.tgz#cd1c5d9fbc0232ebe1ea7b50befd61a464a36c6e"
  integrity sha512-2SAef5MP99TBAirpgnyxuJv9iXt6zyLDwFTR8ocli8UtkT8Ue6+cbBZbJEz+DRqR+xxTFdi3HJKcRpN/udgkQQ==

bootstrap4-toggle@^3.4.0:
  version "3.6.1"
  resolved "https://registry.yarnpkg.com/bootstrap4-toggle/-/bootstrap4-toggle-3.6.1.tgz#867f2c350727022e6358ec0d43e43b7cfb609f74"
  integrity sha512-eRejcTc9YurhZ64nHY9Ii9DQn+F9/R74H9RPoeANVM3N1+C2lZ2tUuFCx1w3orOJ1y/iG4A7iCwdDZphMDIrYg==

bootstrap@>=4.1.2, bootstrap@^4.3.1:
  version "4.5.3"
  resolved "https://registry.yarnpkg.com/bootstrap/-/bootstrap-4.5.3.tgz#c6a72b355aaf323920be800246a6e4ef30997fe6"
  integrity sha512-o9ppKQioXGqhw8Z7mah6KdTYpNQY//tipnkxppWhPbiSWdD+1raYsnhwEZjkTHYbGee4cVQ0Rx65EhOY/HNLcQ==

coffee-loader@^0.9.0:
  version "0.9.0"
  resolved "https://registry.yarnpkg.com/coffee-loader/-/coffee-loader-0.9.0.tgz#6deabd336062ddc6d773da4dfd16367fc7107bd6"
  integrity sha512-VSoQ5kWr6Yfjn4RDpVbba2XMs3XG1ZXtLakPRt8dNfUcNU9h+1pocpdUUEd7NK9rLDwrju4yonhxrL8aMr5tww==
  dependencies:
    loader-utils "^1.0.2"

coffeescript@^2.4.1:
  version "2.5.1"
  resolved "https://registry.yarnpkg.com/coffeescript/-/coffeescript-2.5.1.tgz#b2442a1f2c806139669534a54adc35010559d16a"
  integrity sha512-J2jRPX0eeFh5VKyVnoLrfVFgLZtnnmp96WQSLAS8OrLm2wtQLcnikYKe1gViJKDH7vucjuhHvBKKBP3rKcD1tQ==

corejs-typeahead@^1.2.1:
  version "1.3.1"
  resolved "https://registry.yarnpkg.com/corejs-typeahead/-/corejs-typeahead-1.3.1.tgz#26b9b158cba7f123556c74068bffce9356505bd3"
  integrity sha512-fyNlBNWJNL6EQUnJyAunEzBzRcwR2cEHtZXBi2pndHPOJ/wpOf3wbS+/Oh+kYYS5sKowQcs0LFwMSl6Y2Xeqkw==
  dependencies:
    jquery ">=1.11"

emojis-list@^3.0.0:
  version "3.0.0"
  resolved "https://registry.yarnpkg.com/emojis-list/-/emojis-list-3.0.0.tgz#5570662046ad29e2e916e71aae260abdff4f6a78"
  integrity sha512-/kyM18EfinwXZbno9FyUGeFh87KC8HRQBQGildHZbEuRyWFOmv1U10o9BBp8XVZDVNNuQKyIGIu5ZYAAXJ0V2Q==

jquery@>=1.11, jquery@^3.0, jquery@^3.4.1:
  version "3.5.1"
  resolved "https://registry.yarnpkg.com/jquery/-/jquery-3.5.1.tgz#d7b4d08e1bfdb86ad2f1a3d039ea17304717abb5"
  integrity sha512-XwIBPqcMn57FxfT+Go5pzySnm4KWkT1Tv7gjrpT1srtf8Weynl6R273VJ5GjkRb51IzMp5nbaPjJXMWeju2MKg==

js-cookie@^2.2.0:
  version "2.2.1"
  resolved "https://registry.yarnpkg.com/js-cookie/-/js-cookie-2.2.1.tgz#69e106dc5d5806894562902aa5baec3744e9b2b8"
  integrity sha512-HvdH2LzI/EAZcUwA8+0nKNtWHqS+ZmijLA30RwZA0bo7ToCckjK5MkGhjED9KoRcXO6BaGI3I9UIzSA1FKFPOQ==

json5@^1.0.1:
  version "1.0.1"
  resolved "https://registry.yarnpkg.com/json5/-/json5-1.0.1.tgz#779fb0018604fa854eacbf6252180d83543e3dbe"
  integrity sha512-aKS4WQjPenRxiQsC93MNfjx+nbF4PAdYzmd/1JIj8HYzqfbu86beTuNgXDzPknWk0n0uARlyewZo4s++ES36Ow==
  dependencies:
    minimist "^1.2.0"

loader-utils@^1.0.2:
  version "1.4.0"
  resolved "https://registry.yarnpkg.com/loader-utils/-/loader-utils-1.4.0.tgz#c579b5e34cb34b1a74edc6c1fb36bfa371d5a613"
  integrity sha512-qH0WSMBtn/oHuwjy/NucEgbx5dbxxnxup9s4PVXJUDHZBQY+s0NWA9rJf53RBnQZxfch7euUui7hpoAPvALZdA==
  dependencies:
    big.js "^5.2.2"
    emojis-list "^3.0.0"
    json5 "^1.0.1"

minimist@^1.2.0:
  version "1.2.5"
  resolved "https://registry.yarnpkg.com/minimist/-/minimist-1.2.5.tgz#67d66014b66a6a8aaa0c083c5fd58df4e4e97602"
  integrity sha512-FM9nNUYrRBAELZQT3xeZQ7fmMOBg6nWNmJKTcgsJeaLstP/UODVpGsr5OhXhhXg6f+qtJ8uiZ+PUxkDWcgIXLw==

moment-timezone@^0.4.0:
  version "0.4.1"
  resolved "https://registry.yarnpkg.com/moment-timezone/-/moment-timezone-0.4.1.tgz#81f598c3ad5e22cdad796b67ecd8d88d0f5baa06"
  integrity sha1-gfWYw61eIs2teWtn7NjYjQ9bqgY=
  dependencies:
    moment ">= 2.6.0"

moment-timezone@^0.5.11, moment-timezone@^0.5.25:
  version "0.5.31"
  resolved "https://registry.yarnpkg.com/moment-timezone/-/moment-timezone-0.5.31.tgz#9c40d8c5026f0c7ab46eda3d63e49c155148de05"
  integrity sha512-+GgHNg8xRhMXfEbv81iDtrVeTcWt0kWmTEY1XQK14dICTXnWJnT0dxdlPspwqF3keKMVPXwayEsk1DI0AA/jdA==
  dependencies:
    moment ">= 2.9.0"

"moment@>= 2.6.0", "moment@>= 2.9.0", moment@^2.22.2, moment@^2.24.0:
  version "2.29.1"
  resolved "https://registry.yarnpkg.com/moment/-/moment-2.29.1.tgz#b2be769fa31940be9eeea6469c075e35006fa3d3"
  integrity sha512-kHmoybcPV8Sqy59DwNDY3Jefr64lK/by/da0ViFcuA4DH0vQg5Q6Ze5VimxkfQNSC+Mls/Kx53s7TjP1RhFEDQ==

nprogress@^0.2.0:
  version "0.2.0"
  resolved "https://registry.yarnpkg.com/nprogress/-/nprogress-0.2.0.tgz#cb8f34c53213d895723fcbab907e9422adbcafb1"
  integrity sha1-y480xTIT2JVyP8urkH6UIq28r7E=

popper.js@^1.14.3, popper.js@^1.16.1:
  version "1.16.1"
  resolved "https://registry.yarnpkg.com/popper.js/-/popper.js-1.16.1.tgz#2a223cb3dc7b6213d740e40372be40de43e65b1b"
  integrity sha512-Wb4p1J4zyFTbM+u6WuO4XstYx4Ky9Cewe4DWrel7B0w6VVICvPwdOpotjzcf6eD8TsckVnIMNONQyPIUFOUbCQ==

promise-polyfill@^8.1.3:
  version "8.1.3"
  resolved "https://registry.yarnpkg.com/promise-polyfill/-/promise-polyfill-8.1.3.tgz#8c99b3cf53f3a91c68226ffde7bde81d7f904116"
  integrity sha512-MG5r82wBzh7pSKDRa9y+vllNHz3e3d4CNj1PQE4BQYxLme0gKYYBm9YENq+UkEikyZ0XbiGWxYlVw3Rl9O/U8g==

stickybits@^3.6.6:
  version "3.7.7"
  resolved "https://registry.yarnpkg.com/stickybits/-/stickybits-3.7.7.tgz#4e644022e7e7ce924d34fbbf7eff7d2f5d8c5dd3"
  integrity sha512-w8slCLqIESiIl8sP3v9wXNWfzrPHPOg2W6tsCfTkStrtfMoFnk0LSHpUJC7xx1yhNEKpljZJYL9T8RkZkSdqpQ==

sweetalert2@^9.17.1:
  version "9.17.2"
  resolved "https://registry.yarnpkg.com/sweetalert2/-/sweetalert2-9.17.2.tgz#7f33ce157a64c303d2ca98863c9a3f437e5f1187"
  integrity sha512-HkpPZVMYsnhFUBLdy/LvkU9snggKP3VAuSVnPhVXjxdg02lWbFx0W8H3m7A+WMWw2diXZS1wIa4m67XkNxdvew==

tempusdominus-bootstrap-4@^5.1.2:
  version "5.1.2"
  resolved "https://registry.yarnpkg.com/tempusdominus-bootstrap-4/-/tempusdominus-bootstrap-4-5.1.2.tgz#3c9906ca6e5d563faa0b81b2fdc6aa79cad9c0be"
  integrity sha512-ksD8qc4wOJeE19wvryXmEpRzMUSZu4wSOdG6zKSn8l4ccad16249KOX1j0CccyZpuuES/n4FLqLAUB+Dd1LTBA==
  dependencies:
    bootstrap ">=4.1.2"
    jquery "^3.0"
    moment "^2.22.2"
    moment-timezone "^0.5.11"
    popper.js "^1.14.3"

tempusdominus-core@^5.0.3:
  version "5.0.3"
  resolved "https://registry.yarnpkg.com/tempusdominus-core/-/tempusdominus-core-5.0.3.tgz#808642e47a83f45d7ef18c1597fd7b1d413d69e5"
  integrity sha512-52lClmU33gb6J6I/S9uGDrgQwccq3Yw9SlZerTgGLOzOB3Sc9pgIVBirfPMsMcx8nPsg6mA5ItFAH/5BZiQThg==
  dependencies:
    jquery "^3.0"
    moment "^2.22.2"
    moment-timezone "^0.4.0"

url-polyfill@^1.1.7:
  version "1.1.11"
  resolved "https://registry.yarnpkg.com/url-polyfill/-/url-polyfill-1.1.11.tgz#85d2b2e67292f6d825297d4bed01d66da0b20dc3"
  integrity sha512-p3Vw21dz901xeu++K6db2CZgfwMZjzVAH2buek66I0HKY+DHSh/AXz+p9B/+RhhZ9l3xDMBviwe99Eeu+UJB3g==
